
Microsoft Visual Studio Solution File, Format Version 12.00
# Visual Studio 14
VisualStudioVersion = 14.0.22823.1
MinimumVisualStudioVersion = 10.0.40219.1
Project("{FAE04EC0-301F-11D3-BF4B-00C04F79EFBC}") = "RotatingHandWPA", "RotatingHandWPA\RotatingHandWPA.csproj", "{69617E96-0492-43DF-87C4-D51EA9DC0630}"
EndProject
Project("{FAE04EC0-301F-11D3-BF4B-00C04F79EFBC}") = "RotatingHandAndroid", "RotatingHandAndroid\RotatingHandAndroid.csproj", "{C89CA2D8-87E3-4315-8432-5EA7141A071A}"
EndProject
Project("{2150E333-8FDC-42A3-9474-1A3956D46DE8}") = "Bindings", "Bindings", "{6994AD17-F134-4A97-8AD7-8945DF775604}"
EndProject
Project("{FAE04EC0-301F-11D3-BF4B-00C04F79EFBC}") = "Microsoft.Band.Android", "..\..\Microsoft.Band\Microsoft.Band.Android\Microsoft.Band.Android.csproj", "{D06A37DB-36DE-4D8C-9CB8-0763F485B1C7}"
EndProject
Global
	GlobalSection(SolutionConfigurationPlatforms) = preSolution
		Debug|Any CPU = Debug|Any CPU
		Debug|ARM = Debug|ARM
		Debug|x86 = Debug|x86
		Release|Any CPU = Release|Any CPU
		Release|ARM = Release|ARM
		Release|x86 = Release|x86
	EndGlobalSection
	GlobalSection(ProjectConfigurationPlatforms) = postSolution
		{69617E96-0492-43DF-87C4-D51EA9DC0630}.Debug|Any CPU.ActiveCfg = Debug|Any CPU
		{69617E96-0492-43DF-87C4-D51EA9DC0630}.Debug|Any CPU.Build.0 = Debug|Any CPU
		{69617E96-0492-43DF-87C4-D51EA9DC0630}.Debug|Any CPU.Deploy.0 = Debug|Any CPU
		{69617E96-0492-43DF-87C4-D51EA9DC0630}.Debug|ARM.ActiveCfg = Debug|ARM
		{69617E96-0492-43DF-87C4-D51EA9DC0630}.Debug|ARM.Build.0 = Debug|ARM
		{69617E96-0492-43DF-87C4-D51EA9DC0630}.Debug|ARM.Deploy.0 = Debug|ARM
		{69617E96-0492-43DF-87C4-D51EA9DC0630}.Debug|x86.ActiveCfg = Debug|x86
		{69617E96-0492-43DF-87C4-D51EA9DC0630}.Debug|x86.Build.0 = Debug|x86
		{69617E96-0492-43DF-87C4-D51EA9DC0630}.Debug|x86.Deploy.0 = Debug|x86
		{69617E96-0492-43DF-87C4-D51EA9DC0630}.Release|Any CPU.ActiveCfg = Release|Any CPU
		{69617E96-0492-43DF-87C4-D51EA9DC0630}.Release|Any CPU.Build.0 = Release|Any CPU
		{69617E96-0492-43DF-87C4-D51EA9DC0630}.Release|Any CPU.Deploy.0 = Release|Any CPU
		{69617E96-0492-43DF-87C4-D51EA9DC0630}.Release|ARM.ActiveCfg = Release|ARM
		{69617E96-0492-43DF-87C4-D51EA9DC0630}.Release|ARM.Build.0 = Release|ARM
		{69617E96-0492-43DF-87C4-D51EA9DC0630}.Release|ARM.Deploy.0 = Release|ARM
		{69617E96-0492-43DF-87C4-D51EA9DC0630}.Release|x86.ActiveCfg = Release|x86
		{69617E96-0492-43DF-87C4-D51EA9DC0630}.Release|x86.Build.0 = Release|x86
		{69617E96-0492-43DF-87C4-D51EA9DC0630}.Release|x86.Deploy.0 = Release|x86
		{C89CA2D8-87E3-4315-8432-5EA7141A071A}.Debug|Any CPU.ActiveCfg = Debug|Any CPU
		{C89CA2D8-87E3-4315-8432-5EA7141A071A}.Debug|Any CPU.Build.0 = Debug|Any CPU
		{C89CA2D8-87E3-4315-8432-5EA7141A071A}.Debug|Any CPU.Deploy.0 = Debug|Any CPU
		{C89CA2D8-87E3-4315-8432-5EA7141A071A}.Debug|ARM.ActiveCfg = Debug|Any CPU
		{C89CA2D8-87E3-4315-8432-5EA7141A071A}.Debug|x86.ActiveCfg = Debug|Any CPU
		{C89CA2D8-87E3-4315-8432-5EA7141A071A}.Release|Any CPU.ActiveCfg = Release|Any CPU
		{C89CA2D8-87E3-4315-8432-5EA7141A071A}.Release|Any CPU.Build.0 = Release|Any CPU
		{C89CA2D8-87E3-4315-8432-5EA7141A071A}.Release|Any CPU.Deploy.0 = Release|Any CPU
		{C89CA2D8-87E3-4315-8432-5EA7141A071A}.Release|ARM.ActiveCfg = Release|Any CPU
		{C89CA2D8-87E3-4315-8432-5EA7141A071A}.Release|x86.ActiveCfg = Release|Any CPU
		{D06A37DB-36DE-4D8C-9CB8-0763F485B1C7}.Debug|Any CPU.ActiveCfg = Debug|Any CPU
		{D06A37DB-36DE-4D8C-9CB8-0763F485B1C7}.Debug|Any CPU.Build.0 = Debug|Any CPU
		{D06A37DB-36DE-4D8C-9CB8-0763F485B1C7}.Debug|ARM.ActiveCfg = Debug|Any CPU
		{D06A37DB-36DE-4D8C-9CB8-0763F485B1C7}.Debug|ARM.Build.0 = Debug|Any CPU
		{D06A37DB-36DE-4D8C-9CB8-0763F485B1C7}.Debug|x86.ActiveCfg = Debug|Any CPU
		{D06A37DB-36DE-4D8C-9CB8-0763F485B1C7}.Debug|x86.Build.0 = Debug|Any CPU
		{D06A37DB-36DE-4D8C-9CB8-0763F485B1C7}.Release|Any CPU.ActiveCfg = Release|Any CPU
		{D06A37DB-36DE-4D8C-9CB8-0763F485B1C7}.Release|Any CPU.Build.0 = Release|Any CPU
		{D06A37DB-36DE-4D8C-9CB8-0763F485B1C7}.Release|ARM.ActiveCfg = Release|Any CPU
		{D06A37DB-36DE-4D8C-9CB8-0763F485B1C7}.Release|ARM.Build.0 = Release|Any CPU
		{D06A37DB-36DE-4D8C-9CB8-0763F485B1C7}.Release|x86.ActiveCfg = Release|Any CPU
		{D06A37DB-36DE-4D8C-9CB8-0763F485B1C7}.Release|x86.Build.0 = Release|Any CPU
	EndGlobalSection
	GlobalSection(SolutionProperties) = preSolution
		HideSolutionNode = FALSE
	EndGlobalSection
	GlobalSection(NestedProjects) = preSolution
		{D06A37DB-36DE-4D8C-9CB8-0763F485B1C7} = {6994AD17-F134-4A97-8AD7-8945DF775604}
	EndGlobalSection
EndGlobal
