
Microsoft Visual Studio Solution File, Format Version 12.00
# Visual Studio 14
VisualStudioVersion = 14.0.22823.1
MinimumVisualStudioVersion = 10.0.40219.1
Project("{FAE04EC0-301F-11D3-BF4B-00C04F79EFBC}") = "Microsoft.Band.iOS", "Microsoft.Band\Microsoft.Band.iOS\Microsoft.Band.iOS.csproj", "{A5D3F484-DFD7-4C75-9FF6-ACF3BDE02B49}"
EndProject
Global
	GlobalSection(SolutionConfigurationPlatforms) = preSolution
		Debug|Any CPU = Debug|Any CPU
		Debug|iPhone = Debug|iPhone
		Debug|iPhoneSimulator = Debug|iPhoneSimulator
		Release|Any CPU = Release|Any CPU
		Release|iPhone = Release|iPhone
		Release|iPhoneSimulator = Release|iPhoneSimulator
	EndGlobalSection
	GlobalSection(ProjectConfigurationPlatforms) = postSolution
		{A5D3F484-DFD7-4C75-9FF6-ACF3BDE02B49}.Debug|Any CPU.ActiveCfg = Debug|Any CPU
		{A5D3F484-DFD7-4C75-9FF6-ACF3BDE02B49}.Debug|Any CPU.Build.0 = Debug|Any CPU
		{A5D3F484-DFD7-4C75-9FF6-ACF3BDE02B49}.Debug|iPhone.ActiveCfg = Debug|Any CPU
		{A5D3F484-DFD7-4C75-9FF6-ACF3BDE02B49}.Debug|iPhone.Build.0 = Debug|Any CPU
		{A5D3F484-DFD7-4C75-9FF6-ACF3BDE02B49}.Debug|iPhoneSimulator.ActiveCfg = Debug|Any CPU
		{A5D3F484-DFD7-4C75-9FF6-ACF3BDE02B49}.Debug|iPhoneSimulator.Build.0 = Debug|Any CPU
		{A5D3F484-DFD7-4C75-9FF6-ACF3BDE02B49}.Release|Any CPU.ActiveCfg = Release|Any CPU
		{A5D3F484-DFD7-4C75-9FF6-ACF3BDE02B49}.Release|Any CPU.Build.0 = Release|Any CPU
		{A5D3F484-DFD7-4C75-9FF6-ACF3BDE02B49}.Release|iPhone.ActiveCfg = Release|Any CPU
		{A5D3F484-DFD7-4C75-9FF6-ACF3BDE02B49}.Release|iPhone.Build.0 = Release|Any CPU
		{A5D3F484-DFD7-4C75-9FF6-ACF3BDE02B49}.Release|iPhoneSimulator.ActiveCfg = Release|Any CPU
		{A5D3F484-DFD7-4C75-9FF6-ACF3BDE02B49}.Release|iPhoneSimulator.Build.0 = Release|Any CPU
	EndGlobalSection
	GlobalSection(SolutionProperties) = preSolution
		HideSolutionNode = FALSE
	EndGlobalSection
EndGlobal
