
Microsoft Visual Studio Solution File, Format Version 12.00
# Visual Studio 14
VisualStudioVersion = 14.0.24720.0
MinimumVisualStudioVersion = 10.0.40219.1
Project("{FAE04EC0-301F-11D3-BF4B-00C04F79EFBC}") = "Microsoft.Band.Portable", "Microsoft.Band.Portable\Microsoft.Band.Portable\Microsoft.Band.Portable.csproj", "{9D7936CA-FE7F-4306-912D-809AC6C1E6A1}"
EndProject
Project("{FAE04EC0-301F-11D3-BF4B-00C04F79EFBC}") = "Microsoft.Band.Portable.Android", "Microsoft.Band.Portable\Microsoft.Band.Portable.Android\Microsoft.Band.Portable.Android.csproj", "{DE38BD3A-A63F-4B12-8763-55620B9D1CB7}"
EndProject
Project("{FAE04EC0-301F-11D3-BF4B-00C04F79EFBC}") = "Microsoft.Band.Portable.Phone", "Microsoft.Band.Portable\Microsoft.Band.Portable.Phone\Microsoft.Band.Portable.Phone.csproj", "{5CCB973C-6923-46AE-A571-D3A6BAA4E5DD}"
EndProject
Project("{2150E333-8FDC-42A3-9474-1A3956D46DE8}") = "Bindings", "Bindings", "{C657A62B-89C5-417F-92E9-33A4D04009CD}"
EndProject
Project("{FAE04EC0-301F-11D3-BF4B-00C04F79EFBC}") = "Microsoft.Band.Android", "Microsoft.Band\Microsoft.Band.Android\Microsoft.Band.Android.csproj", "{D06A37DB-36DE-4D8C-9CB8-0763F485B1C7}"
EndProject
Project("{FAE04EC0-301F-11D3-BF4B-00C04F79EFBC}") = "Microsoft.Band.Portable.Windows", "Microsoft.Band.Portable\Microsoft.Band.Portable.Windows\Microsoft.Band.Portable.Windows.csproj", "{E207466A-B533-4808-94A2-6B3D91BC32CA}"
EndProject
Project("{FAE04EC0-301F-11D3-BF4B-00C04F79EFBC}") = "Microsoft.Band.Portable.UWP", "Microsoft.Band.Portable\Microsoft.Band.Portable.UWP\Microsoft.Band.Portable.UWP.csproj", "{7D4BFF7D-B171-49A8-A126-F067FE432822}"
EndProject
Global
	GlobalSection(SolutionConfigurationPlatforms) = preSolution
		Debug|Any CPU = Debug|Any CPU
		Release|Any CPU = Release|Any CPU
	EndGlobalSection
	GlobalSection(ProjectConfigurationPlatforms) = postSolution
		{9D7936CA-FE7F-4306-912D-809AC6C1E6A1}.Debug|Any CPU.ActiveCfg = Debug|Any CPU
		{9D7936CA-FE7F-4306-912D-809AC6C1E6A1}.Debug|Any CPU.Build.0 = Debug|Any CPU
		{9D7936CA-FE7F-4306-912D-809AC6C1E6A1}.Release|Any CPU.ActiveCfg = Release|Any CPU
		{9D7936CA-FE7F-4306-912D-809AC6C1E6A1}.Release|Any CPU.Build.0 = Release|Any CPU
		{DE38BD3A-A63F-4B12-8763-55620B9D1CB7}.Debug|Any CPU.ActiveCfg = Debug|Any CPU
		{DE38BD3A-A63F-4B12-8763-55620B9D1CB7}.Debug|Any CPU.Build.0 = Debug|Any CPU
		{DE38BD3A-A63F-4B12-8763-55620B9D1CB7}.Release|Any CPU.ActiveCfg = Release|Any CPU
		{DE38BD3A-A63F-4B12-8763-55620B9D1CB7}.Release|Any CPU.Build.0 = Release|Any CPU
		{5CCB973C-6923-46AE-A571-D3A6BAA4E5DD}.Debug|Any CPU.ActiveCfg = Debug|Any CPU
		{5CCB973C-6923-46AE-A571-D3A6BAA4E5DD}.Debug|Any CPU.Build.0 = Debug|Any CPU
		{5CCB973C-6923-46AE-A571-D3A6BAA4E5DD}.Release|Any CPU.ActiveCfg = Release|Any CPU
		{5CCB973C-6923-46AE-A571-D3A6BAA4E5DD}.Release|Any CPU.Build.0 = Release|Any CPU
		{D06A37DB-36DE-4D8C-9CB8-0763F485B1C7}.Debug|Any CPU.ActiveCfg = Debug|Any CPU
		{D06A37DB-36DE-4D8C-9CB8-0763F485B1C7}.Debug|Any CPU.Build.0 = Debug|Any CPU
		{D06A37DB-36DE-4D8C-9CB8-0763F485B1C7}.Release|Any CPU.ActiveCfg = Release|Any CPU
		{D06A37DB-36DE-4D8C-9CB8-0763F485B1C7}.Release|Any CPU.Build.0 = Release|Any CPU
		{E207466A-B533-4808-94A2-6B3D91BC32CA}.Debug|Any CPU.ActiveCfg = Debug|Any CPU
		{E207466A-B533-4808-94A2-6B3D91BC32CA}.Debug|Any CPU.Build.0 = Debug|Any CPU
		{E207466A-B533-4808-94A2-6B3D91BC32CA}.Release|Any CPU.ActiveCfg = Release|Any CPU
		{E207466A-B533-4808-94A2-6B3D91BC32CA}.Release|Any CPU.Build.0 = Release|Any CPU
		{7D4BFF7D-B171-49A8-A126-F067FE432822}.Debug|Any CPU.ActiveCfg = Debug|Any CPU
		{7D4BFF7D-B171-49A8-A126-F067FE432822}.Debug|Any CPU.Build.0 = Debug|Any CPU
		{7D4BFF7D-B171-49A8-A126-F067FE432822}.Release|Any CPU.ActiveCfg = Release|Any CPU
		{7D4BFF7D-B171-49A8-A126-F067FE432822}.Release|Any CPU.Build.0 = Release|Any CPU
	EndGlobalSection
	GlobalSection(SolutionProperties) = preSolution
		HideSolutionNode = FALSE
	EndGlobalSection
	GlobalSection(NestedProjects) = preSolution
		{D06A37DB-36DE-4D8C-9CB8-0763F485B1C7} = {C657A62B-89C5-417F-92E9-33A4D04009CD}
	EndGlobalSection
EndGlobal
